
Microsoft Visual Studio Solution File, Format Version 12.00
# Visual Studio Version 17
VisualStudioVersion = 17.3.32929.385
MinimumVisualStudioVersion = 10.0.40219.1
Project("{FAE04EC0-301F-11D3-BF4B-00C04F79EFBC}") = "Thread3", "Thread3\Thread3.csproj", "{D5DB74DA-3B5D-4F67-B037-96B077AADBBB}"
EndProject
Global
	GlobalSection(SolutionConfigurationPlatforms) = preSolution
		Debug|Any CPU = Debug|Any CPU
		Release|Any CPU = Release|Any CPU
	EndGlobalSection
	GlobalSection(ProjectConfigurationPlatforms) = postSolution
		{D5DB74DA-3B5D-4F67-B037-96B077AADBBB}.Debug|Any CPU.ActiveCfg = Debug|Any CPU
		{D5DB74DA-3B5D-4F67-B037-96B077AADBBB}.Debug|Any CPU.Build.0 = Debug|Any CPU
		{D5DB74DA-3B5D-4F67-B037-96B077AADBBB}.Release|Any CPU.ActiveCfg = Release|Any CPU
		{D5DB74DA-3B5D-4F67-B037-96B077AADBBB}.Release|Any CPU.Build.0 = Release|Any CPU
	EndGlobalSection
	GlobalSection(SolutionProperties) = preSolution
		HideSolutionNode = FALSE
	EndGlobalSection
	GlobalSection(ExtensibilityGlobals) = postSolution
		SolutionGuid = {2D2D920E-014C-4B75-897A-505FB4E6AB0C}
	EndGlobalSection
EndGlobal
