
Microsoft Visual Studio Solution File, Format Version 12.00
# Visual Studio Version 17
VisualStudioVersion = 17.3.32929.385
MinimumVisualStudioVersion = 10.0.40219.1
Project("{FAE04EC0-301F-11D3-BF4B-00C04F79EFBC}") = "just a try", "just a try\just a try.csproj", "{CFF53D6C-2AE7-4E2E-B129-518ED2EFE79A}"
EndProject
Global
	GlobalSection(SolutionConfigurationPlatforms) = preSolution
		Debug|Any CPU = Debug|Any CPU
		Release|Any CPU = Release|Any CPU
	EndGlobalSection
	GlobalSection(ProjectConfigurationPlatforms) = postSolution
		{CFF53D6C-2AE7-4E2E-B129-518ED2EFE79A}.Debug|Any CPU.ActiveCfg = Debug|Any CPU
		{CFF53D6C-2AE7-4E2E-B129-518ED2EFE79A}.Debug|Any CPU.Build.0 = Debug|Any CPU
		{CFF53D6C-2AE7-4E2E-B129-518ED2EFE79A}.Release|Any CPU.ActiveCfg = Release|Any CPU
		{CFF53D6C-2AE7-4E2E-B129-518ED2EFE79A}.Release|Any CPU.Build.0 = Release|Any CPU
	EndGlobalSection
	GlobalSection(SolutionProperties) = preSolution
		HideSolutionNode = FALSE
	EndGlobalSection
	GlobalSection(ExtensibilityGlobals) = postSolution
		SolutionGuid = {B2E39D67-6298-417D-B0FD-D3AD18BE37A3}
	EndGlobalSection
EndGlobal
