
Microsoft Visual Studio Solution File, Format Version 12.00
# Visual Studio Version 17
VisualStudioVersion = 17.3.32929.385
MinimumVisualStudioVersion = 10.0.40219.1
Project("{FAE04EC0-301F-11D3-BF4B-00C04F79EFBC}") = "Que4", "Que4\Que4.csproj", "{F61CC0EE-1927-42CB-9820-892CB34C6F7A}"
EndProject
Global
	GlobalSection(SolutionConfigurationPlatforms) = preSolution
		Debug|Any CPU = Debug|Any CPU
		Release|Any CPU = Release|Any CPU
	EndGlobalSection
	GlobalSection(ProjectConfigurationPlatforms) = postSolution
		{F61CC0EE-1927-42CB-9820-892CB34C6F7A}.Debug|Any CPU.ActiveCfg = Debug|Any CPU
		{F61CC0EE-1927-42CB-9820-892CB34C6F7A}.Debug|Any CPU.Build.0 = Debug|Any CPU
		{F61CC0EE-1927-42CB-9820-892CB34C6F7A}.Release|Any CPU.ActiveCfg = Release|Any CPU
		{F61CC0EE-1927-42CB-9820-892CB34C6F7A}.Release|Any CPU.Build.0 = Release|Any CPU
	EndGlobalSection
	GlobalSection(SolutionProperties) = preSolution
		HideSolutionNode = FALSE
	EndGlobalSection
	GlobalSection(ExtensibilityGlobals) = postSolution
		SolutionGuid = {EF2A2998-A67D-4BE2-AAF9-8266FC42ACF8}
	EndGlobalSection
EndGlobal
