
Microsoft Visual Studio Solution File, Format Version 12.00
# Visual Studio Version 17
VisualStudioVersion = 17.3.32929.385
MinimumVisualStudioVersion = 10.0.40219.1
Project("{FAE04EC0-301F-11D3-BF4B-00C04F79EFBC}") = "ROOM", "ROOM\ROOM.csproj", "{FAEDDF8A-4880-46C8-8B3C-A1406F57A4F9}"
EndProject
Global
	GlobalSection(SolutionConfigurationPlatforms) = preSolution
		Debug|Any CPU = Debug|Any CPU
		Release|Any CPU = Release|Any CPU
	EndGlobalSection
	GlobalSection(ProjectConfigurationPlatforms) = postSolution
		{FAEDDF8A-4880-46C8-8B3C-A1406F57A4F9}.Debug|Any CPU.ActiveCfg = Debug|Any CPU
		{FAEDDF8A-4880-46C8-8B3C-A1406F57A4F9}.Debug|Any CPU.Build.0 = Debug|Any CPU
		{FAEDDF8A-4880-46C8-8B3C-A1406F57A4F9}.Release|Any CPU.ActiveCfg = Release|Any CPU
		{FAEDDF8A-4880-46C8-8B3C-A1406F57A4F9}.Release|Any CPU.Build.0 = Release|Any CPU
	EndGlobalSection
	GlobalSection(SolutionProperties) = preSolution
		HideSolutionNode = FALSE
	EndGlobalSection
	GlobalSection(ExtensibilityGlobals) = postSolution
		SolutionGuid = {09A4AB28-C3FD-42D9-B7C4-C64DD0CF7743}
	EndGlobalSection
EndGlobal
