
Microsoft Visual Studio Solution File, Format Version 12.00
# Visual Studio Version 17
VisualStudioVersion = 17.3.32929.385
MinimumVisualStudioVersion = 10.0.40219.1
Project("{FAE04EC0-301F-11D3-BF4B-00C04F79EFBC}") = "Que3", "Que3\Que3.csproj", "{344EA26F-5686-440F-B056-43C2ED3685F8}"
EndProject
Global
	GlobalSection(SolutionConfigurationPlatforms) = preSolution
		Debug|Any CPU = Debug|Any CPU
		Release|Any CPU = Release|Any CPU
	EndGlobalSection
	GlobalSection(ProjectConfigurationPlatforms) = postSolution
		{344EA26F-5686-440F-B056-43C2ED3685F8}.Debug|Any CPU.ActiveCfg = Debug|Any CPU
		{344EA26F-5686-440F-B056-43C2ED3685F8}.Debug|Any CPU.Build.0 = Debug|Any CPU
		{344EA26F-5686-440F-B056-43C2ED3685F8}.Release|Any CPU.ActiveCfg = Release|Any CPU
		{344EA26F-5686-440F-B056-43C2ED3685F8}.Release|Any CPU.Build.0 = Release|Any CPU
	EndGlobalSection
	GlobalSection(SolutionProperties) = preSolution
		HideSolutionNode = FALSE
	EndGlobalSection
	GlobalSection(ExtensibilityGlobals) = postSolution
		SolutionGuid = {4BFCBD3F-4F79-415C-8389-6BB739CD62E5}
	EndGlobalSection
EndGlobal
